{
  "requires": true,
  "lockfileVersion": 1,
  "dependencies": {
    "@headlessui/react": {
      "version": "1.6.1",
      "resolved": "https://registry.npmjs.org/@headlessui/react/-/react-1.6.1.tgz",
      "integrity": "sha512-gMd6uIs1U4Oz718Z5gFoV0o/vD43/4zvbyiJN9Dt7PK9Ubxn+TmJwTmYwyNJc5KxxU1t0CmgTNgwZX9+4NjCnQ=="
    },
    "phosphor-react": {
      "version": "1.4.1",
      "resolved": "https://registry.npmjs.org/phosphor-react/-/phosphor-react-1.4.1.tgz",
      "integrity": "sha512-gO5j7U0xZrdglTAYDYPACU4xDOFBTJmptrrB/GeR+tHhCZF3nUMyGmV/0hnloKjuTrOmpSFlbfOY78H39rgjUQ=="
    }
  }
}
